// !$*UTF8*$!
{
	archiveVersion = 1;
	classes = {
	};
	objectVersion = 56;
	objects = {

/* Begin PBXBuildFile section */
		C6215EAC2C0884CA00364661 /* Section3.swift in Sources */ = {isa = PBXBuildFile; fileRef = C6215EAB2C0884CA00364661 /* Section3.swift */; };
		C6215EAF2C0885AB00364661 /* Hike.swift in Sources */ = {isa = PBXBuildFile; fileRef = C6215EAE2C0885AB00364661 /* Hike.swift */; };
		C6215EB12C08ABA100364661 /* HikeDetailScreen.swift in Sources */ = {isa = PBXBuildFile; fileRef = C6215EB02C08ABA100364661 /* HikeDetailScreen.swift */; };
		C63350692C0972AB000E0E4F /* Section4_5_EnviroimentObject.swift in Sources */ = {isa = PBXBuildFile; fileRef = C63350682C0972AB000E0E4F /* Section4_5_EnviroimentObject.swift */; };
		C633506B2C0974C6000E0E4F /* Section4_6_Environment.swift in Sources */ = {isa = PBXBuildFile; fileRef = C633506A2C0974C6000E0E4F /* Section4_6_Environment.swift */; };
		C676DF3E2C08B10A008FF0AD /* Section4_1.swift in Sources */ = {isa = PBXBuildFile; fileRef = C676DF3D2C08B10A008FF0AD /* Section4_1.swift */; };
		C676DF402C08B2B2008FF0AD /* Section4_2.swift in Sources */ = {isa = PBXBuildFile; fileRef = C676DF3F2C08B2B2008FF0AD /* Section4_2.swift */; };
		C676DF422C08BF73008FF0AD /* Section4_3.swift in Sources */ = {isa = PBXBuildFile; fileRef = C676DF412C08BF73008FF0AD /* Section4_3.swift */; };
		C676DF442C08C206008FF0AD /* Section4_4.swift in Sources */ = {isa = PBXBuildFile; fileRef = C676DF432C08C206008FF0AD /* Section4_4.swift */; };
		C6832E682C087E9100123280 /* TutorialsApp.swift in Sources */ = {isa = PBXBuildFile; fileRef = C6832E672C087E9100123280 /* TutorialsApp.swift */; };
		C6832E6C2C087E9200123280 /* Assets.xcassets in Resources */ = {isa = PBXBuildFile; fileRef = C6832E6B2C087E9200123280 /* Assets.xcassets */; };
		C6832E6F2C087E9200123280 /* Preview Assets.xcassets in Resources */ = {isa = PBXBuildFile; fileRef = C6832E6E2C087E9200123280 /* Preview Assets.xcassets */; };
		C6832E7E2C08812200123280 /* Section2.swift in Sources */ = {isa = PBXBuildFile; fileRef = C6832E7D2C08812200123280 /* Section2.swift */; };
/* End PBXBuildFile section */

/* Begin PBXFileReference section */
		C6215EAB2C0884CA00364661 /* Section3.swift */ = {isa = PBXFileReference; lastKnownFileType = sourcecode.swift; path = Section3.swift; sourceTree = "<group>"; };
		C6215EAE2C0885AB00364661 /* Hike.swift */ = {isa = PBXFileReference; lastKnownFileType = sourcecode.swift; path = Hike.swift; sourceTree = "<group>"; };
		C6215EB02C08ABA100364661 /* HikeDetailScreen.swift */ = {isa = PBXFileReference; lastKnownFileType = sourcecode.swift; path = HikeDetailScreen.swift; sourceTree = "<group>"; };
		C63350682C0972AB000E0E4F /* Section4_5_EnviroimentObject.swift */ = {isa = PBXFileReference; lastKnownFileType = sourcecode.swift; path = Section4_5_EnviroimentObject.swift; sourceTree = "<group>"; };
		C633506A2C0974C6000E0E4F /* Section4_6_Environment.swift */ = {isa = PBXFileReference; lastKnownFileType = sourcecode.swift; path = Section4_6_Environment.swift; sourceTree = "<group>"; };
		C676DF3D2C08B10A008FF0AD /* Section4_1.swift */ = {isa = PBXFileReference; lastKnownFileType = sourcecode.swift; path = Section4_1.swift; sourceTree = "<group>"; };
		C676DF3F2C08B2B2008FF0AD /* Section4_2.swift */ = {isa = PBXFileReference; lastKnownFileType = sourcecode.swift; path = Section4_2.swift; sourceTree = "<group>"; };
		C676DF412C08BF73008FF0AD /* Section4_3.swift */ = {isa = PBXFileReference; lastKnownFileType = sourcecode.swift; path = Section4_3.swift; sourceTree = "<group>"; };
		C676DF432C08C206008FF0AD /* Section4_4.swift */ = {isa = PBXFileReference; lastKnownFileType = sourcecode.swift; path = Section4_4.swift; sourceTree = "<group>"; };
		C6832E642C087E9100123280 /* Tutorials.app */ = {isa = PBXFileReference; explicitFileType = wrapper.application; includeInIndex = 0; path = Tutorials.app; sourceTree = BUILT_PRODUCTS_DIR; };
		C6832E672C087E9100123280 /* TutorialsApp.swift */ = {isa = PBXFileReference; lastKnownFileType = sourcecode.swift; path = TutorialsApp.swift; sourceTree = "<group>"; };
		C6832E6B2C087E9200123280 /* Assets.xcassets */ = {isa = PBXFileReference; lastKnownFileType = folder.assetcatalog; path = Assets.xcassets; sourceTree = "<group>"; };
		C6832E6E2C087E9200123280 /* Preview Assets.xcassets */ = {isa = PBXFileReference; lastKnownFileType = folder.assetcatalog; path = "Preview Assets.xcassets"; sourceTree = "<group>"; };
		C6832E7D2C08812200123280 /* Section2.swift */ = {isa = PBXFileReference; lastKnownFileType = sourcecode.swift; path = Section2.swift; sourceTree = "<group>"; };
/* End PBXFileReference section */

/* Begin PBXFrameworksBuildPhase section */
		C6832E612C087E9100123280 /* Frameworks */ = {
			isa = PBXFrameworksBuildPhase;
			buildActionMask = 2147483647;
			files = (
			);
			runOnlyForDeploymentPostprocessing = 0;
		};
/* End PBXFrameworksBuildPhase section */

/* Begin PBXGroup section */
		C6215EAD2C0885A200364661 /* Models */ = {
			isa = PBXGroup;
			children = (
				C6215EAE2C0885AB00364661 /* Hike.swift */,
			);
			path = Models;
			sourceTree = "<group>";
		};
		C6215EB22C08AFB600364661 /* 2_Started */ = {
			isa = PBXGroup;
			children = (
				C6832E7D2C08812200123280 /* Section2.swift */,
			);
			path = 2_Started;
			sourceTree = "<group>";
		};
		C676DF3A2C08B042008FF0AD /* 3_ListAndNavigation */ = {
			isa = PBXGroup;
			children = (
				C6215EAB2C0884CA00364661 /* Section3.swift */,
				C6215EB02C08ABA100364661 /* HikeDetailScreen.swift */,
			);
			path = 3_ListAndNavigation;
			sourceTree = "<group>";
		};
		C676DF3B2C08B0B8008FF0AD /* 4_StateAndBinding */ = {
			isa = PBXGroup;
			children = (
				C676DF3D2C08B10A008FF0AD /* Section4_1.swift */,
				C676DF3F2C08B2B2008FF0AD /* Section4_2.swift */,
				C676DF412C08BF73008FF0AD /* Section4_3.swift */,
				C676DF432C08C206008FF0AD /* Section4_4.swift */,
				C63350682C0972AB000E0E4F /* Section4_5_EnviroimentObject.swift */,
				C633506A2C0974C6000E0E4F /* Section4_6_Environment.swift */,
			);
			path = 4_StateAndBinding;
			sourceTree = "<group>";
		};
		C6832E5B2C087E9100123280 = {
			isa = PBXGroup;
			children = (
				C6832E662C087E9100123280 /* Tutorials */,
				C6832E652C087E9100123280 /* Products */,
			);
			sourceTree = "<group>";
		};
		C6832E652C087E9100123280 /* Products */ = {
			isa = PBXGroup;
			children = (
				C6832E642C087E9100123280 /* Tutorials.app */,
			);
			name = Products;
			sourceTree = "<group>";
		};
		C6832E662C087E9100123280 /* Tutorials */ = {
			isa = PBXGroup;
			children = (
				C676DF3B2C08B0B8008FF0AD /* 4_StateAndBinding */,
				C676DF3A2C08B042008FF0AD /* 3_ListAndNavigation */,
				C6215EB22C08AFB600364661 /* 2_Started */,
				C6215EAD2C0885A200364661 /* Models */,
				C6832E672C087E9100123280 /* TutorialsApp.swift */,
				C6832E6B2C087E9200123280 /* Assets.xcassets */,
				C6832E6D2C087E9200123280 /* Preview Content */,
			);
			path = Tutorials;
			sourceTree = "<group>";
		};
		C6832E6D2C087E9200123280 /* Preview Content */ = {
			isa = PBXGroup;
			children = (
				C6832E6E2C087E9200123280 /* Preview Assets.xcassets */,
			);
			path = "Preview Content";
			sourceTree = "<group>";
		};
/* End PBXGroup section */

/* Begin PBXNativeTarget section */
		C6832E632C087E9100123280 /* Tutorials */ = {
			isa = PBXNativeTarget;
			buildConfigurationList = C6832E722C087E9200123280 /* Build configuration list for PBXNativeTarget "Tutorials" */;
			buildPhases = (
				C6832E602C087E9100123280 /* Sources */,
				C6832E612C087E9100123280 /* Frameworks */,
				C6832E622C087E9100123280 /* Resources */,
			);
			buildRules = (
			);
			dependencies = (
			);
			name = Tutorials;
			productName = Tutorials;
			productReference = C6832E642C087E9100123280 /* Tutorials.app */;
			productType = "com.apple.product-type.application";
		};
/* End PBXNativeTarget section */

/* Begin PBXProject section */
		C6832E5C2C087E9100123280 /* Project object */ = {
			isa = PBXProject;
			attributes = {
				BuildIndependentTargetsInParallel = 1;
				LastSwiftUpdateCheck = 1540;
				LastUpgradeCheck = 1540;
				TargetAttributes = {
					C6832E632C087E9100123280 = {
						CreatedOnToolsVersion = 15.4;
					};
				};
			};
			buildConfigurationList = C6832E5F2C087E9100123280 /* Build configuration list for PBXProject "Tutorials" */;
			compatibilityVersion = "Xcode 14.0";
			developmentRegion = en;
			hasScannedForEncodings = 0;
			knownRegions = (
				en,
				Base,
			);
			mainGroup = C6832E5B2C087E9100123280;
			productRefGroup = C6832E652C087E9100123280 /* Products */;
			projectDirPath = "";
			projectRoot = "";
			targets = (
				C6832E632C087E9100123280 /* Tutorials */,
			);
		};
/* End PBXProject section */

/* Begin PBXResourcesBuildPhase section */
		C6832E622C087E9100123280 /* Resources */ = {
			isa = PBXResourcesBuildPhase;
			buildActionMask = 2147483647;
			files = (
				C6832E6F2C087E9200123280 /* Preview Assets.xcassets in Resources */,
				C6832E6C2C087E9200123280 /* Assets.xcassets in Resources */,
			);
			runOnlyForDeploymentPostprocessing = 0;
		};
/* End PBXResourcesBuildPhase section */

/* Begin PBXSourcesBuildPhase section */
		C6832E602C087E9100123280 /* Sources */ = {
			isa = PBXSourcesBuildPhase;
			buildActionMask = 2147483647;
			files = (
				C63350692C0972AB000E0E4F /* Section4_5_EnviroimentObject.swift in Sources */,
				C6832E7E2C08812200123280 /* Section2.swift in Sources */,
				C6215EAC2C0884CA00364661 /* Section3.swift in Sources */,
				C633506B2C0974C6000E0E4F /* Section4_6_Environment.swift in Sources */,
				C6215EB12C08ABA100364661 /* HikeDetailScreen.swift in Sources */,
				C676DF442C08C206008FF0AD /* Section4_4.swift in Sources */,
				C6215EAF2C0885AB00364661 /* Hike.swift in Sources */,
				C676DF402C08B2B2008FF0AD /* Section4_2.swift in Sources */,
				C676DF3E2C08B10A008FF0AD /* Section4_1.swift in Sources */,
				C676DF422C08BF73008FF0AD /* Section4_3.swift in Sources */,
				C6832E682C087E9100123280 /* TutorialsApp.swift in Sources */,
			);
			runOnlyForDeploymentPostprocessing = 0;
		};
/* End PBXSourcesBuildPhase section */

/* Begin XCBuildConfiguration section */
		C6832E702C087E9200123280 /* Debug */ = {
			isa = XCBuildConfiguration;
			buildSettings = {
				ALWAYS_SEARCH_USER_PATHS = NO;
				ASSETCATALOG_COMPILER_GENERATE_SWIFT_ASSET_SYMBOL_EXTENSIONS = YES;
				CLANG_ANALYZER_NONNULL = YES;
				CLANG_ANALYZER_NUMBER_OBJECT_CONVERSION = YES_AGGRESSIVE;
				CLANG_CXX_LANGUAGE_STANDARD = "gnu++20";
				CLANG_ENABLE_MODULES = YES;
				CLANG_ENABLE_OBJC_ARC = YES;
				CLANG_ENABLE_OBJC_WEAK = YES;
				CLANG_WARN_BLOCK_CAPTURE_AUTORELEASING = YES;
				CLANG_WARN_BOOL_CONVERSION = YES;
				CLANG_WARN_COMMA = YES;
				CLANG_WARN_CONSTANT_CONVERSION = YES;
				CLANG_WARN_DEPRECATED_OBJC_IMPLEMENTATIONS = YES;
				CLANG_WARN_DIRECT_OBJC_ISA_USAGE = YES_ERROR;
				CLANG_WARN_DOCUMENTATION_COMMENTS = YES;
				CLANG_WARN_EMPTY_BODY = YES;
				CLANG_WARN_ENUM_CONVERSION = YES;
				CLANG_WARN_INFINITE_RECURSION = YES;
				CLANG_WARN_INT_CONVERSION = YES;
				CLANG_WARN_NON_LITERAL_NULL_CONVERSION = YES;
				CLANG_WARN_OBJC_IMPLICIT_RETAIN_SELF = YES;
				CLANG_WARN_OBJC_LITERAL_CONVERSION = YES;
				CLANG_WARN_OBJC_ROOT_CLASS = YES_ERROR;
				CLANG_WARN_QUOTED_INCLUDE_IN_FRAMEWORK_HEADER = YES;
				CLANG_WARN_RANGE_LOOP_ANALYSIS = YES;
				CLANG_WARN_STRICT_PROTOTYPES = YES;
				CLANG_WARN_SUSPICIOUS_MOVE = YES;
				CLANG_WARN_UNGUARDED_AVAILABILITY = YES_AGGRESSIVE;
				CLANG_WARN_UNREACHABLE_CODE = YES;
				CLANG_WARN__DUPLICATE_METHOD_MATCH = YES;
				COPY_PHASE_STRIP = NO;
				DEBUG_INFORMATION_FORMAT = dwarf;
				ENABLE_STRICT_OBJC_MSGSEND = YES;
				ENABLE_TESTABILITY = YES;
				ENABLE_USER_SCRIPT_SANDBOXING = YES;
				GCC_C_LANGUAGE_STANDARD = gnu17;
				GCC_DYNAMIC_NO_PIC = NO;
				GCC_NO_COMMON_BLOCKS = YES;
				GCC_OPTIMIZATION_LEVEL = 0;
				GCC_PREPROCESSOR_DEFINITIONS = (
					"DEBUG=1",
					"$(inherited)",
				);
				GCC_WARN_64_TO_32_BIT_CONVERSION = YES;
				GCC_WARN_ABOUT_RETURN_TYPE = YES_ERROR;
				GCC_WARN_UNDECLARED_SELECTOR = YES;
				GCC_WARN_UNINITIALIZED_AUTOS = YES_AGGRESSIVE;
				GCC_WARN_UNUSED_FUNCTION = YES;
				GCC_WARN_UNUSED_VARIABLE = YES;
				IPHONEOS_DEPLOYMENT_TARGET = 17.5;
				LOCALIZATION_PREFERS_STRING_CATALOGS = YES;
				MTL_ENABLE_DEBUG_INFO = INCLUDE_SOURCE;
				MTL_FAST_MATH = YES;
				ONLY_ACTIVE_ARCH = YES;
				SDKROOT = iphoneos;
				SWIFT_ACTIVE_COMPILATION_CONDITIONS = "DEBUG $(inherited)";
				SWIFT_OPTIMIZATION_LEVEL = "-Onone";
			};
			name = Debug;
		};
		C6832E712C087E9200123280 /* Release */ = {
			isa = XCBuildConfiguration;
			buildSettings = {
				ALWAYS_SEARCH_USER_PATHS = NO;
				ASSETCATALOG_COMPILER_GENERATE_SWIFT_ASSET_SYMBOL_EXTENSIONS = YES;
				CLANG_ANALYZER_NONNULL = YES;
				CLANG_ANALYZER_NUMBER_OBJECT_CONVERSION = YES_AGGRESSIVE;
				CLANG_CXX_LANGUAGE_STANDARD = "gnu++20";
				CLANG_ENABLE_MODULES = YES;
				CLANG_ENABLE_OBJC_ARC = YES;
				CLANG_ENABLE_OBJC_WEAK = YES;
				CLANG_WARN_BLOCK_CAPTURE_AUTORELEASING = YES;
				CLANG_WARN_BOOL_CONVERSION = YES;
				CLANG_WARN_COMMA = YES;
				CLANG_WARN_CONSTANT_CONVERSION = YES;
				CLANG_WARN_DEPRECATED_OBJC_IMPLEMENTATIONS = YES;
				CLANG_WARN_DIRECT_OBJC_ISA_USAGE = YES_ERROR;
				CLANG_WARN_DOCUMENTATION_COMMENTS = YES;
				CLANG_WARN_EMPTY_BODY = YES;
				CLANG_WARN_ENUM_CONVERSION = YES;
				CLANG_WARN_INFINITE_RECURSION = YES;
				CLANG_WARN_INT_CONVERSION = YES;
				CLANG_WARN_NON_LITERAL_NULL_CONVERSION = YES;
				CLANG_WARN_OBJC_IMPLICIT_RETAIN_SELF = YES;
				CLANG_WARN_OBJC_LITERAL_CONVERSION = YES;
				CLANG_WARN_OBJC_ROOT_CLASS = YES_ERROR;
				CLANG_WARN_QUOTED_INCLUDE_IN_FRAMEWORK_HEADER = YES;
				CLANG_WARN_RANGE_LOOP_ANALYSIS = YES;
				CLANG_WARN_STRICT_PROTOTYPES = YES;
				CLANG_WARN_SUSPICIOUS_MOVE = YES;
				CLANG_WARN_UNGUARDED_AVAILABILITY = YES_AGGRESSIVE;
				CLANG_WARN_UNREACHABLE_CODE = YES;
				CLANG_WARN__DUPLICATE_METHOD_MATCH = YES;
				COPY_PHASE_STRIP = NO;
				DEBUG_INFORMATION_FORMAT = "dwarf-with-dsym";
				ENABLE_NS_ASSERTIONS = NO;
				ENABLE_STRICT_OBJC_MSGSEND = YES;
				ENABLE_USER_SCRIPT_SANDBOXING = YES;
				GCC_C_LANGUAGE_STANDARD = gnu17;
				GCC_NO_COMMON_BLOCKS = YES;
				GCC_WARN_64_TO_32_BIT_CONVERSION = YES;
				GCC_WARN_ABOUT_RETURN_TYPE = YES_ERROR;
				GCC_WARN_UNDECLARED_SELECTOR = YES;
				GCC_WARN_UNINITIALIZED_AUTOS = YES_AGGRESSIVE;
				GCC_WARN_UNUSED_FUNCTION = YES;
				GCC_WARN_UNUSED_VARIABLE = YES;
				IPHONEOS_DEPLOYMENT_TARGET = 17.5;
				LOCALIZATION_PREFERS_STRING_CATALOGS = YES;
				MTL_ENABLE_DEBUG_INFO = NO;
				MTL_FAST_MATH = YES;
				SDKROOT = iphoneos;
				SWIFT_COMPILATION_MODE = wholemodule;
				VALIDATE_PRODUCT = YES;
			};
			name = Release;
		};
		C6832E732C087E9200123280 /* Debug */ = {
			isa = XCBuildConfiguration;
			buildSettings = {
				ASSETCATALOG_COMPILER_APPICON_NAME = AppIcon;
				ASSETCATALOG_COMPILER_GLOBAL_ACCENT_COLOR_NAME = AccentColor;
				CODE_SIGN_STYLE = Automatic;
				CURRENT_PROJECT_VERSION = 1;
				DEVELOPMENT_ASSET_PATHS = "\"Tutorials/Preview Content\"";
				ENABLE_PREVIEWS = YES;
				GENERATE_INFOPLIST_FILE = YES;
				INFOPLIST_KEY_UIApplicationSceneManifest_Generation = YES;
				INFOPLIST_KEY_UIApplicationSupportsIndirectInputEvents = YES;
				INFOPLIST_KEY_UILaunchScreen_Generation = YES;
				INFOPLIST_KEY_UISupportedInterfaceOrientations_iPad = "UIInterfaceOrientationPortrait UIInterfaceOrientationPortraitUpsideDown UIInterfaceOrientationLandscapeLeft UIInterfaceOrientationLandscapeRight";
				INFOPLIST_KEY_UISupportedInterfaceOrientations_iPhone = "UIInterfaceOrientationPortrait UIInterfaceOrientationLandscapeLeft UIInterfaceOrientationLandscapeRight";
				LD_RUNPATH_SEARCH_PATHS = (
					"$(inherited)",
					"@executable_path/Frameworks",
				);
				MARKETING_VERSION = 1.0;
				PRODUCT_BUNDLE_IDENTIFIER = thang.Tutorials;
				PRODUCT_NAME = "$(TARGET_NAME)";
				SWIFT_EMIT_LOC_STRINGS = YES;
				SWIFT_VERSION = 5.0;
				TARGETED_DEVICE_FAMILY = "1,2";
			};
			name = Debug;
		};
		C6832E742C087E9200123280 /* Release */ = {
			isa = XCBuildConfiguration;
			buildSettings = {
				ASSETCATALOG_COMPILER_APPICON_NAME = AppIcon;
				ASSETCATALOG_COMPILER_GLOBAL_ACCENT_COLOR_NAME = AccentColor;
				CODE_SIGN_STYLE = Automatic;
				CURRENT_PROJECT_VERSION = 1;
				DEVELOPMENT_ASSET_PATHS = "\"Tutorials/Preview Content\"";
				ENABLE_PREVIEWS = YES;
				GENERATE_INFOPLIST_FILE = YES;
				INFOPLIST_KEY_UIApplicationSceneManifest_Generation = YES;
				INFOPLIST_KEY_UIApplicationSupportsIndirectInputEvents = YES;
				INFOPLIST_KEY_UILaunchScreen_Generation = YES;
				INFOPLIST_KEY_UISupportedInterfaceOrientations_iPad = "UIInterfaceOrientationPortrait UIInterfaceOrientationPortraitUpsideDown UIInterfaceOrientationLandscapeLeft UIInterfaceOrientationLandscapeRight";
				INFOPLIST_KEY_UISupportedInterfaceOrientations_iPhone = "UIInterfaceOrientationPortrait UIInterfaceOrientationLandscapeLeft UIInterfaceOrientationLandscapeRight";
				LD_RUNPATH_SEARCH_PATHS = (
					"$(inherited)",
					"@executable_path/Frameworks",
				);
				MARKETING_VERSION = 1.0;
				PRODUCT_BUNDLE_IDENTIFIER = thang.Tutorials;
				PRODUCT_NAME = "$(TARGET_NAME)";
				SWIFT_EMIT_LOC_STRINGS = YES;
				SWIFT_VERSION = 5.0;
				TARGETED_DEVICE_FAMILY = "1,2";
			};
			name = Release;
		};
/* End XCBuildConfiguration section */

/* Begin XCConfigurationList section */
		C6832E5F2C087E9100123280 /* Build configuration list for PBXProject "Tutorials" */ = {
			isa = XCConfigurationList;
			buildConfigurations = (
				C6832E702C087E9200123280 /* Debug */,
				C6832E712C087E9200123280 /* Release */,
			);
			defaultConfigurationIsVisible = 0;
			defaultConfigurationName = Release;
		};
		C6832E722C087E9200123280 /* Build configuration list for PBXNativeTarget "Tutorials" */ = {
			isa = XCConfigurationList;
			buildConfigurations = (
				C6832E732C087E9200123280 /* Debug */,
				C6832E742C087E9200123280 /* Release */,
			);
			defaultConfigurationIsVisible = 0;
			defaultConfigurationName = Release;
		};
/* End XCConfigurationList section */
	};
	rootObject = C6832E5C2C087E9100123280 /* Project object */;
}
