// !$*UTF8*$!
{
	archiveVersion = 1;
	classes = {
	};
	objectVersion = 56;
	objects = {

/* Begin PBXBuildFile section */
		C63150092C06D29A0047040F /* learningApp.swift in Sources */ = {isa = PBXBuildFile; fileRef = C63150082C06D29A0047040F /* learningApp.swift */; };
		C631500B2C06D29A0047040F /* ContentView.swift in Sources */ = {isa = PBXBuildFile; fileRef = C631500A2C06D29A0047040F /* ContentView.swift */; };
		C631500D2C06D29B0047040F /* Assets.xcassets in Resources */ = {isa = PBXBuildFile; fileRef = C631500C2C06D29B0047040F /* Assets.xcassets */; };
		C63150102C06D29B0047040F /* Preview Assets.xcassets in Resources */ = {isa = PBXBuildFile; fileRef = C631500F2C06D29B0047040F /* Preview Assets.xcassets */; };
		C657FF902C076BCD00DF337B /* BaseModel.swift in Sources */ = {isa = PBXBuildFile; fileRef = C657FF8F2C076BCD00DF337B /* BaseModel.swift */; };
		C657FF922C076BF100DF337B /* LocalService.swift in Sources */ = {isa = PBXBuildFile; fileRef = C657FF912C076BF100DF337B /* LocalService.swift */; };
		C657FF962C076C5A00DF337B /* HomeInteractor.swift in Sources */ = {isa = PBXBuildFile; fileRef = C657FF952C076C5A00DF337B /* HomeInteractor.swift */; };
		C657FF9A2C076C9500DF337B /* HomePresenter.swift in Sources */ = {isa = PBXBuildFile; fileRef = C657FF992C076C9500DF337B /* HomePresenter.swift */; };
		C657FF9C2C076CBD00DF337B /* HomeViewController.swift in Sources */ = {isa = PBXBuildFile; fileRef = C657FF9B2C076CBD00DF337B /* HomeViewController.swift */; };
		C657FF9F2C076CFE00DF337B /* HomeRouter.swift in Sources */ = {isa = PBXBuildFile; fileRef = C657FF9E2C076CFE00DF337B /* HomeRouter.swift */; };
		C657FFA22C076D3800DF337B /* BaseCollectionViewCell.swift in Sources */ = {isa = PBXBuildFile; fileRef = C657FFA12C076D3800DF337B /* BaseCollectionViewCell.swift */; };
/* End PBXBuildFile section */

/* Begin PBXFileReference section */
		C63150052C06D29A0047040F /* learning.app */ = {isa = PBXFileReference; explicitFileType = wrapper.application; includeInIndex = 0; path = learning.app; sourceTree = BUILT_PRODUCTS_DIR; };
		C63150082C06D29A0047040F /* learningApp.swift */ = {isa = PBXFileReference; lastKnownFileType = sourcecode.swift; path = learningApp.swift; sourceTree = "<group>"; };
		C631500A2C06D29A0047040F /* ContentView.swift */ = {isa = PBXFileReference; lastKnownFileType = sourcecode.swift; path = ContentView.swift; sourceTree = "<group>"; };
		C631500C2C06D29B0047040F /* Assets.xcassets */ = {isa = PBXFileReference; lastKnownFileType = folder.assetcatalog; path = Assets.xcassets; sourceTree = "<group>"; };
		C631500F2C06D29B0047040F /* Preview Assets.xcassets */ = {isa = PBXFileReference; lastKnownFileType = folder.assetcatalog; path = "Preview Assets.xcassets"; sourceTree = "<group>"; };
		C63150192C0717130047040F /* BuildPattern.playground */ = {isa = PBXFileReference; lastKnownFileType = file.playground; path = BuildPattern.playground; sourceTree = "<group>"; xcLanguageSpecificationIdentifier = xcode.lang.swift; };
		C631501A2C07345C0047040F /* AdapterPattern.playground */ = {isa = PBXFileReference; lastKnownFileType = file.playground; path = AdapterPattern.playground; sourceTree = "<group>"; xcLanguageSpecificationIdentifier = xcode.lang.swift; };
		C657FF8F2C076BCD00DF337B /* BaseModel.swift */ = {isa = PBXFileReference; lastKnownFileType = sourcecode.swift; path = BaseModel.swift; sourceTree = "<group>"; };
		C657FF912C076BF100DF337B /* LocalService.swift */ = {isa = PBXFileReference; lastKnownFileType = sourcecode.swift; path = LocalService.swift; sourceTree = "<group>"; };
		C657FF952C076C5A00DF337B /* HomeInteractor.swift */ = {isa = PBXFileReference; lastKnownFileType = sourcecode.swift; path = HomeInteractor.swift; sourceTree = "<group>"; };
		C657FF992C076C9500DF337B /* HomePresenter.swift */ = {isa = PBXFileReference; lastKnownFileType = sourcecode.swift; path = HomePresenter.swift; sourceTree = "<group>"; };
		C657FF9B2C076CBD00DF337B /* HomeViewController.swift */ = {isa = PBXFileReference; lastKnownFileType = sourcecode.swift; path = HomeViewController.swift; sourceTree = "<group>"; };
		C657FF9E2C076CFE00DF337B /* HomeRouter.swift */ = {isa = PBXFileReference; lastKnownFileType = sourcecode.swift; path = HomeRouter.swift; sourceTree = "<group>"; };
		C657FFA12C076D3800DF337B /* BaseCollectionViewCell.swift */ = {isa = PBXFileReference; lastKnownFileType = sourcecode.swift; path = BaseCollectionViewCell.swift; sourceTree = "<group>"; };
/* End PBXFileReference section */

/* Begin PBXFrameworksBuildPhase section */
		C63150022C06D29A0047040F /* Frameworks */ = {
			isa = PBXFrameworksBuildPhase;
			buildActionMask = 2147483647;
			files = (
			);
			runOnlyForDeploymentPostprocessing = 0;
		};
/* End PBXFrameworksBuildPhase section */

/* Begin PBXGroup section */
		C6314FFC2C06D29A0047040F = {
			isa = PBXGroup;
			children = (
				C63150072C06D29A0047040F /* learning */,
				C63150062C06D29A0047040F /* Products */,
			);
			sourceTree = "<group>";
		};
		C63150062C06D29A0047040F /* Products */ = {
			isa = PBXGroup;
			children = (
				C63150052C06D29A0047040F /* learning.app */,
			);
			name = Products;
			sourceTree = "<group>";
		};
		C63150072C06D29A0047040F /* learning */ = {
			isa = PBXGroup;
			children = (
				C657FF882C076B2800DF337B /* ViperArchitecture */,
				C631501A2C07345C0047040F /* AdapterPattern.playground */,
				C63150082C06D29A0047040F /* learningApp.swift */,
				C631500A2C06D29A0047040F /* ContentView.swift */,
				C631500C2C06D29B0047040F /* Assets.xcassets */,
				C631500E2C06D29B0047040F /* Preview Content */,
				C63150192C0717130047040F /* BuildPattern.playground */,
			);
			path = learning;
			sourceTree = "<group>";
		};
		C631500E2C06D29B0047040F /* Preview Content */ = {
			isa = PBXGroup;
			children = (
				C631500F2C06D29B0047040F /* Preview Assets.xcassets */,
			);
			path = "Preview Content";
			sourceTree = "<group>";
		};
		C657FF882C076B2800DF337B /* ViperArchitecture */ = {
			isa = PBXGroup;
			children = (
				C657FF8E2C076BB700DF337B /* Models */,
				C657FF8D2C076BAF00DF337B /* Services */,
				C657FF8B2C076B4C00DF337B /* Modules */,
				C657FF892C076B4200DF337B /* Core */,
			);
			path = ViperArchitecture;
			sourceTree = "<group>";
		};
		C657FF892C076B4200DF337B /* Core */ = {
			isa = PBXGroup;
			children = (
			);
			path = Core;
			sourceTree = "<group>";
		};
		C657FF8B2C076B4C00DF337B /* Modules */ = {
			isa = PBXGroup;
			children = (
				C657FF942C076C1800DF337B /* Tabbar */,
				C657FF932C076C1100DF337B /* Home */,
			);
			path = Modules;
			sourceTree = "<group>";
		};
		C657FF8D2C076BAF00DF337B /* Services */ = {
			isa = PBXGroup;
			children = (
				C657FF912C076BF100DF337B /* LocalService.swift */,
			);
			path = Services;
			sourceTree = "<group>";
		};
		C657FF8E2C076BB700DF337B /* Models */ = {
			isa = PBXGroup;
			children = (
				C657FF8F2C076BCD00DF337B /* BaseModel.swift */,
			);
			path = Models;
			sourceTree = "<group>";
		};
		C657FF932C076C1100DF337B /* Home */ = {
			isa = PBXGroup;
			children = (
				C657FFA02C076D1200DF337B /* View */,
				C657FF952C076C5A00DF337B /* HomeInteractor.swift */,
				C657FF992C076C9500DF337B /* HomePresenter.swift */,
				C657FF9B2C076CBD00DF337B /* HomeViewController.swift */,
				C657FF9E2C076CFE00DF337B /* HomeRouter.swift */,
			);
			path = Home;
			sourceTree = "<group>";
		};
		C657FF942C076C1800DF337B /* Tabbar */ = {
			isa = PBXGroup;
			children = (
			);
			path = Tabbar;
			sourceTree = "<group>";
		};
		C657FFA02C076D1200DF337B /* View */ = {
			isa = PBXGroup;
			children = (
				C657FFA12C076D3800DF337B /* BaseCollectionViewCell.swift */,
			);
			path = View;
			sourceTree = "<group>";
		};
/* End PBXGroup section */

/* Begin PBXNativeTarget section */
		C63150042C06D29A0047040F /* learning */ = {
			isa = PBXNativeTarget;
			buildConfigurationList = C63150132C06D29B0047040F /* Build configuration list for PBXNativeTarget "learning" */;
			buildPhases = (
				C63150012C06D29A0047040F /* Sources */,
				C63150022C06D29A0047040F /* Frameworks */,
				C63150032C06D29A0047040F /* Resources */,
				C63150162C06D7740047040F /* Run Script */,
			);
			buildRules = (
			);
			dependencies = (
			);
			name = learning;
			productName = learning;
			productReference = C63150052C06D29A0047040F /* learning.app */;
			productType = "com.apple.product-type.application";
		};
/* End PBXNativeTarget section */

/* Begin PBXProject section */
		C6314FFD2C06D29A0047040F /* Project object */ = {
			isa = PBXProject;
			attributes = {
				BuildIndependentTargetsInParallel = 1;
				LastSwiftUpdateCheck = 1540;
				LastUpgradeCheck = 1540;
				TargetAttributes = {
					C63150042C06D29A0047040F = {
						CreatedOnToolsVersion = 15.4;
					};
				};
			};
			buildConfigurationList = C63150002C06D29A0047040F /* Build configuration list for PBXProject "learning" */;
			compatibilityVersion = "Xcode 14.0";
			developmentRegion = en;
			hasScannedForEncodings = 0;
			knownRegions = (
				en,
				Base,
			);
			mainGroup = C6314FFC2C06D29A0047040F;
			productRefGroup = C63150062C06D29A0047040F /* Products */;
			projectDirPath = "";
			projectRoot = "";
			targets = (
				C63150042C06D29A0047040F /* learning */,
			);
		};
/* End PBXProject section */

/* Begin PBXResourcesBuildPhase section */
		C63150032C06D29A0047040F /* Resources */ = {
			isa = PBXResourcesBuildPhase;
			buildActionMask = 2147483647;
			files = (
				C63150102C06D29B0047040F /* Preview Assets.xcassets in Resources */,
				C631500D2C06D29B0047040F /* Assets.xcassets in Resources */,
			);
			runOnlyForDeploymentPostprocessing = 0;
		};
/* End PBXResourcesBuildPhase section */

/* Begin PBXShellScriptBuildPhase section */
		C63150162C06D7740047040F /* Run Script */ = {
			isa = PBXShellScriptBuildPhase;
			buildActionMask = 2147483647;
			files = (
			);
			inputFileListPaths = (
			);
			inputPaths = (
			);
			name = "Run Script";
			outputFileListPaths = (
			);
			outputPaths = (
			);
			runOnlyForDeploymentPostprocessing = 0;
			shellPath = /bin/sh;
			shellScript = "# Type a script or drag a script file from your workspace to insert its path.\nif which swiftlint >/dev/null; then\n  swiftlint\nelse\n  echo \"warning: SwiftLint not installed, download from https://github.com/realm/SwiftLint\"\nfi\n";
		};
/* End PBXShellScriptBuildPhase section */

/* Begin PBXSourcesBuildPhase section */
		C63150012C06D29A0047040F /* Sources */ = {
			isa = PBXSourcesBuildPhase;
			buildActionMask = 2147483647;
			files = (
				C657FF9A2C076C9500DF337B /* HomePresenter.swift in Sources */,
				C657FF902C076BCD00DF337B /* BaseModel.swift in Sources */,
				C657FFA22C076D3800DF337B /* BaseCollectionViewCell.swift in Sources */,
				C657FF922C076BF100DF337B /* LocalService.swift in Sources */,
				C631500B2C06D29A0047040F /* ContentView.swift in Sources */,
				C657FF962C076C5A00DF337B /* HomeInteractor.swift in Sources */,
				C657FF9F2C076CFE00DF337B /* HomeRouter.swift in Sources */,
				C657FF9C2C076CBD00DF337B /* HomeViewController.swift in Sources */,
				C63150092C06D29A0047040F /* learningApp.swift in Sources */,
			);
			runOnlyForDeploymentPostprocessing = 0;
		};
/* End PBXSourcesBuildPhase section */

/* Begin XCBuildConfiguration section */
		C63150112C06D29B0047040F /* Debug */ = {
			isa = XCBuildConfiguration;
			buildSettings = {
				ALWAYS_SEARCH_USER_PATHS = NO;
				ASSETCATALOG_COMPILER_GENERATE_SWIFT_ASSET_SYMBOL_EXTENSIONS = YES;
				CLANG_ANALYZER_NONNULL = YES;
				CLANG_ANALYZER_NUMBER_OBJECT_CONVERSION = YES_AGGRESSIVE;
				CLANG_CXX_LANGUAGE_STANDARD = "gnu++20";
				CLANG_ENABLE_MODULES = YES;
				CLANG_ENABLE_OBJC_ARC = YES;
				CLANG_ENABLE_OBJC_WEAK = YES;
				CLANG_WARN_BLOCK_CAPTURE_AUTORELEASING = YES;
				CLANG_WARN_BOOL_CONVERSION = YES;
				CLANG_WARN_COMMA = YES;
				CLANG_WARN_CONSTANT_CONVERSION = YES;
				CLANG_WARN_DEPRECATED_OBJC_IMPLEMENTATIONS = YES;
				CLANG_WARN_DIRECT_OBJC_ISA_USAGE = YES_ERROR;
				CLANG_WARN_DOCUMENTATION_COMMENTS = YES;
				CLANG_WARN_EMPTY_BODY = YES;
				CLANG_WARN_ENUM_CONVERSION = YES;
				CLANG_WARN_INFINITE_RECURSION = YES;
				CLANG_WARN_INT_CONVERSION = YES;
				CLANG_WARN_NON_LITERAL_NULL_CONVERSION = YES;
				CLANG_WARN_OBJC_IMPLICIT_RETAIN_SELF = YES;
				CLANG_WARN_OBJC_LITERAL_CONVERSION = YES;
				CLANG_WARN_OBJC_ROOT_CLASS = YES_ERROR;
				CLANG_WARN_QUOTED_INCLUDE_IN_FRAMEWORK_HEADER = YES;
				CLANG_WARN_RANGE_LOOP_ANALYSIS = YES;
				CLANG_WARN_STRICT_PROTOTYPES = YES;
				CLANG_WARN_SUSPICIOUS_MOVE = YES;
				CLANG_WARN_UNGUARDED_AVAILABILITY = YES_AGGRESSIVE;
				CLANG_WARN_UNREACHABLE_CODE = YES;
				CLANG_WARN__DUPLICATE_METHOD_MATCH = YES;
				COPY_PHASE_STRIP = NO;
				DEBUG_INFORMATION_FORMAT = dwarf;
				ENABLE_STRICT_OBJC_MSGSEND = YES;
				ENABLE_TESTABILITY = YES;
				ENABLE_USER_SCRIPT_SANDBOXING = YES;
				GCC_C_LANGUAGE_STANDARD = gnu17;
				GCC_DYNAMIC_NO_PIC = NO;
				GCC_NO_COMMON_BLOCKS = YES;
				GCC_OPTIMIZATION_LEVEL = 0;
				GCC_PREPROCESSOR_DEFINITIONS = (
					"DEBUG=1",
					"$(inherited)",
				);
				GCC_WARN_64_TO_32_BIT_CONVERSION = YES;
				GCC_WARN_ABOUT_RETURN_TYPE = YES_ERROR;
				GCC_WARN_UNDECLARED_SELECTOR = YES;
				GCC_WARN_UNINITIALIZED_AUTOS = YES_AGGRESSIVE;
				GCC_WARN_UNUSED_FUNCTION = YES;
				GCC_WARN_UNUSED_VARIABLE = YES;
				IPHONEOS_DEPLOYMENT_TARGET = 17.5;
				LOCALIZATION_PREFERS_STRING_CATALOGS = YES;
				MTL_ENABLE_DEBUG_INFO = INCLUDE_SOURCE;
				MTL_FAST_MATH = YES;
				ONLY_ACTIVE_ARCH = YES;
				SDKROOT = iphoneos;
				SWIFT_ACTIVE_COMPILATION_CONDITIONS = "DEBUG $(inherited)";
				SWIFT_OPTIMIZATION_LEVEL = "-Onone";
			};
			name = Debug;
		};
		C63150122C06D29B0047040F /* Release */ = {
			isa = XCBuildConfiguration;
			buildSettings = {
				ALWAYS_SEARCH_USER_PATHS = NO;
				ASSETCATALOG_COMPILER_GENERATE_SWIFT_ASSET_SYMBOL_EXTENSIONS = YES;
				CLANG_ANALYZER_NONNULL = YES;
				CLANG_ANALYZER_NUMBER_OBJECT_CONVERSION = YES_AGGRESSIVE;
				CLANG_CXX_LANGUAGE_STANDARD = "gnu++20";
				CLANG_ENABLE_MODULES = YES;
				CLANG_ENABLE_OBJC_ARC = YES;
				CLANG_ENABLE_OBJC_WEAK = YES;
				CLANG_WARN_BLOCK_CAPTURE_AUTORELEASING = YES;
				CLANG_WARN_BOOL_CONVERSION = YES;
				CLANG_WARN_COMMA = YES;
				CLANG_WARN_CONSTANT_CONVERSION = YES;
				CLANG_WARN_DEPRECATED_OBJC_IMPLEMENTATIONS = YES;
				CLANG_WARN_DIRECT_OBJC_ISA_USAGE = YES_ERROR;
				CLANG_WARN_DOCUMENTATION_COMMENTS = YES;
				CLANG_WARN_EMPTY_BODY = YES;
				CLANG_WARN_ENUM_CONVERSION = YES;
				CLANG_WARN_INFINITE_RECURSION = YES;
				CLANG_WARN_INT_CONVERSION = YES;
				CLANG_WARN_NON_LITERAL_NULL_CONVERSION = YES;
				CLANG_WARN_OBJC_IMPLICIT_RETAIN_SELF = YES;
				CLANG_WARN_OBJC_LITERAL_CONVERSION = YES;
				CLANG_WARN_OBJC_ROOT_CLASS = YES_ERROR;
				CLANG_WARN_QUOTED_INCLUDE_IN_FRAMEWORK_HEADER = YES;
				CLANG_WARN_RANGE_LOOP_ANALYSIS = YES;
				CLANG_WARN_STRICT_PROTOTYPES = YES;
				CLANG_WARN_SUSPICIOUS_MOVE = YES;
				CLANG_WARN_UNGUARDED_AVAILABILITY = YES_AGGRESSIVE;
				CLANG_WARN_UNREACHABLE_CODE = YES;
				CLANG_WARN__DUPLICATE_METHOD_MATCH = YES;
				COPY_PHASE_STRIP = NO;
				DEBUG_INFORMATION_FORMAT = "dwarf-with-dsym";
				ENABLE_NS_ASSERTIONS = NO;
				ENABLE_STRICT_OBJC_MSGSEND = YES;
				ENABLE_USER_SCRIPT_SANDBOXING = YES;
				GCC_C_LANGUAGE_STANDARD = gnu17;
				GCC_NO_COMMON_BLOCKS = YES;
				GCC_WARN_64_TO_32_BIT_CONVERSION = YES;
				GCC_WARN_ABOUT_RETURN_TYPE = YES_ERROR;
				GCC_WARN_UNDECLARED_SELECTOR = YES;
				GCC_WARN_UNINITIALIZED_AUTOS = YES_AGGRESSIVE;
				GCC_WARN_UNUSED_FUNCTION = YES;
				GCC_WARN_UNUSED_VARIABLE = YES;
				IPHONEOS_DEPLOYMENT_TARGET = 17.5;
				LOCALIZATION_PREFERS_STRING_CATALOGS = YES;
				MTL_ENABLE_DEBUG_INFO = NO;
				MTL_FAST_MATH = YES;
				SDKROOT = iphoneos;
				SWIFT_COMPILATION_MODE = wholemodule;
				VALIDATE_PRODUCT = YES;
			};
			name = Release;
		};
		C63150142C06D29B0047040F /* Debug */ = {
			isa = XCBuildConfiguration;
			buildSettings = {
				ASSETCATALOG_COMPILER_APPICON_NAME = AppIcon;
				ASSETCATALOG_COMPILER_GLOBAL_ACCENT_COLOR_NAME = AccentColor;
				CODE_SIGN_STYLE = Automatic;
				CURRENT_PROJECT_VERSION = 1;
				DEVELOPMENT_ASSET_PATHS = "\"learning/Preview Content\"";
				ENABLE_PREVIEWS = YES;
				GENERATE_INFOPLIST_FILE = YES;
				INFOPLIST_KEY_UIApplicationSceneManifest_Generation = YES;
				INFOPLIST_KEY_UIApplicationSupportsIndirectInputEvents = YES;
				INFOPLIST_KEY_UILaunchScreen_Generation = YES;
				INFOPLIST_KEY_UISupportedInterfaceOrientations_iPad = "UIInterfaceOrientationPortrait UIInterfaceOrientationPortraitUpsideDown UIInterfaceOrientationLandscapeLeft UIInterfaceOrientationLandscapeRight";
				INFOPLIST_KEY_UISupportedInterfaceOrientations_iPhone = "UIInterfaceOrientationPortrait UIInterfaceOrientationLandscapeLeft UIInterfaceOrientationLandscapeRight";
				LD_RUNPATH_SEARCH_PATHS = (
					"$(inherited)",
					"@executable_path/Frameworks",
				);
				MARKETING_VERSION = 1.0;
				PRODUCT_BUNDLE_IDENTIFIER = com.learning;
				PRODUCT_NAME = "$(TARGET_NAME)";
				SWIFT_EMIT_LOC_STRINGS = YES;
				SWIFT_VERSION = 5.0;
				TARGETED_DEVICE_FAMILY = "1,2";
			};
			name = Debug;
		};
		C63150152C06D29B0047040F /* Release */ = {
			isa = XCBuildConfiguration;
			buildSettings = {
				ASSETCATALOG_COMPILER_APPICON_NAME = AppIcon;
				ASSETCATALOG_COMPILER_GLOBAL_ACCENT_COLOR_NAME = AccentColor;
				CODE_SIGN_STYLE = Automatic;
				CURRENT_PROJECT_VERSION = 1;
				DEVELOPMENT_ASSET_PATHS = "\"learning/Preview Content\"";
				ENABLE_PREVIEWS = YES;
				GENERATE_INFOPLIST_FILE = YES;
				INFOPLIST_KEY_UIApplicationSceneManifest_Generation = YES;
				INFOPLIST_KEY_UIApplicationSupportsIndirectInputEvents = YES;
				INFOPLIST_KEY_UILaunchScreen_Generation = YES;
				INFOPLIST_KEY_UISupportedInterfaceOrientations_iPad = "UIInterfaceOrientationPortrait UIInterfaceOrientationPortraitUpsideDown UIInterfaceOrientationLandscapeLeft UIInterfaceOrientationLandscapeRight";
				INFOPLIST_KEY_UISupportedInterfaceOrientations_iPhone = "UIInterfaceOrientationPortrait UIInterfaceOrientationLandscapeLeft UIInterfaceOrientationLandscapeRight";
				LD_RUNPATH_SEARCH_PATHS = (
					"$(inherited)",
					"@executable_path/Frameworks",
				);
				MARKETING_VERSION = 1.0;
				PRODUCT_BUNDLE_IDENTIFIER = com.learning;
				PRODUCT_NAME = "$(TARGET_NAME)";
				SWIFT_EMIT_LOC_STRINGS = YES;
				SWIFT_VERSION = 5.0;
				TARGETED_DEVICE_FAMILY = "1,2";
			};
			name = Release;
		};
/* End XCBuildConfiguration section */

/* Begin XCConfigurationList section */
		C63150002C06D29A0047040F /* Build configuration list for PBXProject "learning" */ = {
			isa = XCConfigurationList;
			buildConfigurations = (
				C63150112C06D29B0047040F /* Debug */,
				C63150122C06D29B0047040F /* Release */,
			);
			defaultConfigurationIsVisible = 0;
			defaultConfigurationName = Release;
		};
		C63150132C06D29B0047040F /* Build configuration list for PBXNativeTarget "learning" */ = {
			isa = XCConfigurationList;
			buildConfigurations = (
				C63150142C06D29B0047040F /* Debug */,
				C63150152C06D29B0047040F /* Release */,
			);
			defaultConfigurationIsVisible = 0;
			defaultConfigurationName = Release;
		};
/* End XCConfigurationList section */
	};
	rootObject = C6314FFD2C06D29A0047040F /* Project object */;
}
