// !$*UTF8*$!
{
	archiveVersion = 1;
	classes = {
	};
	objectVersion = 56;
	objects = {

/* Begin PBXBuildFile section */
		C69A3B7D2C0F470000833E97 /* MVPatternApp.swift in Sources */ = {isa = PBXBuildFile; fileRef = C69A3B7C2C0F470000833E97 /* MVPatternApp.swift */; };
		C69A3B7F2C0F470000833E97 /* ContentView.swift in Sources */ = {isa = PBXBuildFile; fileRef = C69A3B7E2C0F470000833E97 /* ContentView.swift */; };
		C69A3B812C0F470200833E97 /* Assets.xcassets in Resources */ = {isa = PBXBuildFile; fileRef = C69A3B802C0F470200833E97 /* Assets.xcassets */; };
		C69A3B842C0F470200833E97 /* Preview Assets.xcassets in Resources */ = {isa = PBXBuildFile; fileRef = C69A3B832C0F470200833E97 /* Preview Assets.xcassets */; };
		C69A3B8C2C0F482600833E97 /* Product.swift in Sources */ = {isa = PBXBuildFile; fileRef = C69A3B8B2C0F482600833E97 /* Product.swift */; };
		C69A3B8E2C0F484D00833E97 /* StoreModel.swift in Sources */ = {isa = PBXBuildFile; fileRef = C69A3B8D2C0F484D00833E97 /* StoreModel.swift */; };
		C69A3B912C0F488B00833E97 /* WebService.swift in Sources */ = {isa = PBXBuildFile; fileRef = C69A3B902C0F488B00833E97 /* WebService.swift */; };
		C69A3B942C0F4D1E00833E97 /* NumberFormatterExtensions.swift in Sources */ = {isa = PBXBuildFile; fileRef = C69A3B932C0F4D1E00833E97 /* NumberFormatterExtensions.swift */; };
		C69A3B9A2C101CCC00833E97 /* LoginView.swift in Sources */ = {isa = PBXBuildFile; fileRef = C69A3B992C101CCC00833E97 /* LoginView.swift */; };
		C69A3B9C2C101D7900833E97 /* StringExtensions.swift in Sources */ = {isa = PBXBuildFile; fileRef = C69A3B9B2C101D7900833E97 /* StringExtensions.swift */; };
		C69A3B9F2C10201A00833E97 /* LoginFormError.swift in Sources */ = {isa = PBXBuildFile; fileRef = C69A3B9E2C10201A00833E97 /* LoginFormError.swift */; };
		C69A3BA22C10214600833E97 /* LoginError.swift in Sources */ = {isa = PBXBuildFile; fileRef = C69A3BA12C10214600833E97 /* LoginError.swift */; };
/* End PBXBuildFile section */

/* Begin PBXFileReference section */
		C69A3B792C0F470000833E97 /* MVPattern.app */ = {isa = PBXFileReference; explicitFileType = wrapper.application; includeInIndex = 0; path = MVPattern.app; sourceTree = BUILT_PRODUCTS_DIR; };
		C69A3B7C2C0F470000833E97 /* MVPatternApp.swift */ = {isa = PBXFileReference; lastKnownFileType = sourcecode.swift; path = MVPatternApp.swift; sourceTree = "<group>"; };
		C69A3B7E2C0F470000833E97 /* ContentView.swift */ = {isa = PBXFileReference; lastKnownFileType = sourcecode.swift; path = ContentView.swift; sourceTree = "<group>"; };
		C69A3B802C0F470200833E97 /* Assets.xcassets */ = {isa = PBXFileReference; lastKnownFileType = folder.assetcatalog; path = Assets.xcassets; sourceTree = "<group>"; };
		C69A3B832C0F470200833E97 /* Preview Assets.xcassets */ = {isa = PBXFileReference; lastKnownFileType = folder.assetcatalog; path = "Preview Assets.xcassets"; sourceTree = "<group>"; };
		C69A3B8B2C0F482600833E97 /* Product.swift */ = {isa = PBXFileReference; lastKnownFileType = sourcecode.swift; path = Product.swift; sourceTree = "<group>"; };
		C69A3B8D2C0F484D00833E97 /* StoreModel.swift */ = {isa = PBXFileReference; lastKnownFileType = sourcecode.swift; path = StoreModel.swift; sourceTree = "<group>"; };
		C69A3B902C0F488B00833E97 /* WebService.swift */ = {isa = PBXFileReference; lastKnownFileType = sourcecode.swift; path = WebService.swift; sourceTree = "<group>"; };
		C69A3B932C0F4D1E00833E97 /* NumberFormatterExtensions.swift */ = {isa = PBXFileReference; lastKnownFileType = sourcecode.swift; path = NumberFormatterExtensions.swift; sourceTree = "<group>"; };
		C69A3B992C101CCC00833E97 /* LoginView.swift */ = {isa = PBXFileReference; lastKnownFileType = sourcecode.swift; path = LoginView.swift; sourceTree = "<group>"; };
		C69A3B9B2C101D7900833E97 /* StringExtensions.swift */ = {isa = PBXFileReference; lastKnownFileType = sourcecode.swift; path = StringExtensions.swift; sourceTree = "<group>"; };
		C69A3B9E2C10201A00833E97 /* LoginFormError.swift */ = {isa = PBXFileReference; lastKnownFileType = sourcecode.swift; path = LoginFormError.swift; sourceTree = "<group>"; };
		C69A3BA12C10214600833E97 /* LoginError.swift */ = {isa = PBXFileReference; lastKnownFileType = sourcecode.swift; path = LoginError.swift; sourceTree = "<group>"; };
/* End PBXFileReference section */

/* Begin PBXFrameworksBuildPhase section */
		C69A3B762C0F470000833E97 /* Frameworks */ = {
			isa = PBXFrameworksBuildPhase;
			buildActionMask = 2147483647;
			files = (
			);
			runOnlyForDeploymentPostprocessing = 0;
		};
/* End PBXFrameworksBuildPhase section */

/* Begin PBXGroup section */
		C69A3B702C0F470000833E97 = {
			isa = PBXGroup;
			children = (
				C69A3B7B2C0F470000833E97 /* MVPattern */,
				C69A3B7A2C0F470000833E97 /* Products */,
			);
			sourceTree = "<group>";
		};
		C69A3B7A2C0F470000833E97 /* Products */ = {
			isa = PBXGroup;
			children = (
				C69A3B792C0F470000833E97 /* MVPattern.app */,
			);
			name = Products;
			sourceTree = "<group>";
		};
		C69A3B7B2C0F470000833E97 /* MVPattern */ = {
			isa = PBXGroup;
			children = (
				C69A3BA02C10213200833E97 /* CustomErrors */,
				C69A3B9D2C101FFF00833E97 /* FormErrors */,
				C69A3B922C0F4D0B00833E97 /* Extensions */,
				C69A3B8F2C0F488200833E97 /* Services */,
				C69A3B8A2C0F47C700833E97 /* Models */,
				C69A3B7C2C0F470000833E97 /* MVPatternApp.swift */,
				C69A3B7E2C0F470000833E97 /* ContentView.swift */,
				C69A3B992C101CCC00833E97 /* LoginView.swift */,
				C69A3B802C0F470200833E97 /* Assets.xcassets */,
				C69A3B822C0F470200833E97 /* Preview Content */,
			);
			path = MVPattern;
			sourceTree = "<group>";
		};
		C69A3B822C0F470200833E97 /* Preview Content */ = {
			isa = PBXGroup;
			children = (
				C69A3B832C0F470200833E97 /* Preview Assets.xcassets */,
			);
			path = "Preview Content";
			sourceTree = "<group>";
		};
		C69A3B8A2C0F47C700833E97 /* Models */ = {
			isa = PBXGroup;
			children = (
				C69A3B8B2C0F482600833E97 /* Product.swift */,
				C69A3B8D2C0F484D00833E97 /* StoreModel.swift */,
			);
			path = Models;
			sourceTree = "<group>";
		};
		C69A3B8F2C0F488200833E97 /* Services */ = {
			isa = PBXGroup;
			children = (
				C69A3B902C0F488B00833E97 /* WebService.swift */,
			);
			path = Services;
			sourceTree = "<group>";
		};
		C69A3B922C0F4D0B00833E97 /* Extensions */ = {
			isa = PBXGroup;
			children = (
				C69A3B932C0F4D1E00833E97 /* NumberFormatterExtensions.swift */,
				C69A3B9B2C101D7900833E97 /* StringExtensions.swift */,
			);
			path = Extensions;
			sourceTree = "<group>";
		};
		C69A3B9D2C101FFF00833E97 /* FormErrors */ = {
			isa = PBXGroup;
			children = (
				C69A3B9E2C10201A00833E97 /* LoginFormError.swift */,
			);
			path = FormErrors;
			sourceTree = "<group>";
		};
		C69A3BA02C10213200833E97 /* CustomErrors */ = {
			isa = PBXGroup;
			children = (
				C69A3BA12C10214600833E97 /* LoginError.swift */,
			);
			path = CustomErrors;
			sourceTree = "<group>";
		};
/* End PBXGroup section */

/* Begin PBXNativeTarget section */
		C69A3B782C0F470000833E97 /* MVPattern */ = {
			isa = PBXNativeTarget;
			buildConfigurationList = C69A3B872C0F470200833E97 /* Build configuration list for PBXNativeTarget "MVPattern" */;
			buildPhases = (
				C69A3B752C0F470000833E97 /* Sources */,
				C69A3B762C0F470000833E97 /* Frameworks */,
				C69A3B772C0F470000833E97 /* Resources */,
			);
			buildRules = (
			);
			dependencies = (
			);
			name = MVPattern;
			productName = MVPattern;
			productReference = C69A3B792C0F470000833E97 /* MVPattern.app */;
			productType = "com.apple.product-type.application";
		};
/* End PBXNativeTarget section */

/* Begin PBXProject section */
		C69A3B712C0F470000833E97 /* Project object */ = {
			isa = PBXProject;
			attributes = {
				BuildIndependentTargetsInParallel = 1;
				LastSwiftUpdateCheck = 1540;
				LastUpgradeCheck = 1540;
				TargetAttributes = {
					C69A3B782C0F470000833E97 = {
						CreatedOnToolsVersion = 15.4;
					};
				};
			};
			buildConfigurationList = C69A3B742C0F470000833E97 /* Build configuration list for PBXProject "MVPattern" */;
			compatibilityVersion = "Xcode 14.0";
			developmentRegion = en;
			hasScannedForEncodings = 0;
			knownRegions = (
				en,
				Base,
			);
			mainGroup = C69A3B702C0F470000833E97;
			productRefGroup = C69A3B7A2C0F470000833E97 /* Products */;
			projectDirPath = "";
			projectRoot = "";
			targets = (
				C69A3B782C0F470000833E97 /* MVPattern */,
			);
		};
/* End PBXProject section */

/* Begin PBXResourcesBuildPhase section */
		C69A3B772C0F470000833E97 /* Resources */ = {
			isa = PBXResourcesBuildPhase;
			buildActionMask = 2147483647;
			files = (
				C69A3B842C0F470200833E97 /* Preview Assets.xcassets in Resources */,
				C69A3B812C0F470200833E97 /* Assets.xcassets in Resources */,
			);
			runOnlyForDeploymentPostprocessing = 0;
		};
/* End PBXResourcesBuildPhase section */

/* Begin PBXSourcesBuildPhase section */
		C69A3B752C0F470000833E97 /* Sources */ = {
			isa = PBXSourcesBuildPhase;
			buildActionMask = 2147483647;
			files = (
				C69A3B9C2C101D7900833E97 /* StringExtensions.swift in Sources */,
				C69A3B9F2C10201A00833E97 /* LoginFormError.swift in Sources */,
				C69A3BA22C10214600833E97 /* LoginError.swift in Sources */,
				C69A3B7F2C0F470000833E97 /* ContentView.swift in Sources */,
				C69A3B9A2C101CCC00833E97 /* LoginView.swift in Sources */,
				C69A3B8E2C0F484D00833E97 /* StoreModel.swift in Sources */,
				C69A3B7D2C0F470000833E97 /* MVPatternApp.swift in Sources */,
				C69A3B942C0F4D1E00833E97 /* NumberFormatterExtensions.swift in Sources */,
				C69A3B912C0F488B00833E97 /* WebService.swift in Sources */,
				C69A3B8C2C0F482600833E97 /* Product.swift in Sources */,
			);
			runOnlyForDeploymentPostprocessing = 0;
		};
/* End PBXSourcesBuildPhase section */

/* Begin XCBuildConfiguration section */
		C69A3B852C0F470200833E97 /* Debug */ = {
			isa = XCBuildConfiguration;
			buildSettings = {
				ALWAYS_SEARCH_USER_PATHS = NO;
				ASSETCATALOG_COMPILER_GENERATE_SWIFT_ASSET_SYMBOL_EXTENSIONS = YES;
				CLANG_ANALYZER_NONNULL = YES;
				CLANG_ANALYZER_NUMBER_OBJECT_CONVERSION = YES_AGGRESSIVE;
				CLANG_CXX_LANGUAGE_STANDARD = "gnu++20";
				CLANG_ENABLE_MODULES = YES;
				CLANG_ENABLE_OBJC_ARC = YES;
				CLANG_ENABLE_OBJC_WEAK = YES;
				CLANG_WARN_BLOCK_CAPTURE_AUTORELEASING = YES;
				CLANG_WARN_BOOL_CONVERSION = YES;
				CLANG_WARN_COMMA = YES;
				CLANG_WARN_CONSTANT_CONVERSION = YES;
				CLANG_WARN_DEPRECATED_OBJC_IMPLEMENTATIONS = YES;
				CLANG_WARN_DIRECT_OBJC_ISA_USAGE = YES_ERROR;
				CLANG_WARN_DOCUMENTATION_COMMENTS = YES;
				CLANG_WARN_EMPTY_BODY = YES;
				CLANG_WARN_ENUM_CONVERSION = YES;
				CLANG_WARN_INFINITE_RECURSION = YES;
				CLANG_WARN_INT_CONVERSION = YES;
				CLANG_WARN_NON_LITERAL_NULL_CONVERSION = YES;
				CLANG_WARN_OBJC_IMPLICIT_RETAIN_SELF = YES;
				CLANG_WARN_OBJC_LITERAL_CONVERSION = YES;
				CLANG_WARN_OBJC_ROOT_CLASS = YES_ERROR;
				CLANG_WARN_QUOTED_INCLUDE_IN_FRAMEWORK_HEADER = YES;
				CLANG_WARN_RANGE_LOOP_ANALYSIS = YES;
				CLANG_WARN_STRICT_PROTOTYPES = YES;
				CLANG_WARN_SUSPICIOUS_MOVE = YES;
				CLANG_WARN_UNGUARDED_AVAILABILITY = YES_AGGRESSIVE;
				CLANG_WARN_UNREACHABLE_CODE = YES;
				CLANG_WARN__DUPLICATE_METHOD_MATCH = YES;
				COPY_PHASE_STRIP = NO;
				DEBUG_INFORMATION_FORMAT = dwarf;
				ENABLE_STRICT_OBJC_MSGSEND = YES;
				ENABLE_TESTABILITY = YES;
				ENABLE_USER_SCRIPT_SANDBOXING = YES;
				GCC_C_LANGUAGE_STANDARD = gnu17;
				GCC_DYNAMIC_NO_PIC = NO;
				GCC_NO_COMMON_BLOCKS = YES;
				GCC_OPTIMIZATION_LEVEL = 0;
				GCC_PREPROCESSOR_DEFINITIONS = (
					"DEBUG=1",
					"$(inherited)",
				);
				GCC_WARN_64_TO_32_BIT_CONVERSION = YES;
				GCC_WARN_ABOUT_RETURN_TYPE = YES_ERROR;
				GCC_WARN_UNDECLARED_SELECTOR = YES;
				GCC_WARN_UNINITIALIZED_AUTOS = YES_AGGRESSIVE;
				GCC_WARN_UNUSED_FUNCTION = YES;
				GCC_WARN_UNUSED_VARIABLE = YES;
				IPHONEOS_DEPLOYMENT_TARGET = 17.5;
				LOCALIZATION_PREFERS_STRING_CATALOGS = YES;
				MTL_ENABLE_DEBUG_INFO = INCLUDE_SOURCE;
				MTL_FAST_MATH = YES;
				ONLY_ACTIVE_ARCH = YES;
				SDKROOT = iphoneos;
				SWIFT_ACTIVE_COMPILATION_CONDITIONS = "DEBUG $(inherited)";
				SWIFT_OPTIMIZATION_LEVEL = "-Onone";
			};
			name = Debug;
		};
		C69A3B862C0F470200833E97 /* Release */ = {
			isa = XCBuildConfiguration;
			buildSettings = {
				ALWAYS_SEARCH_USER_PATHS = NO;
				ASSETCATALOG_COMPILER_GENERATE_SWIFT_ASSET_SYMBOL_EXTENSIONS = YES;
				CLANG_ANALYZER_NONNULL = YES;
				CLANG_ANALYZER_NUMBER_OBJECT_CONVERSION = YES_AGGRESSIVE;
				CLANG_CXX_LANGUAGE_STANDARD = "gnu++20";
				CLANG_ENABLE_MODULES = YES;
				CLANG_ENABLE_OBJC_ARC = YES;
				CLANG_ENABLE_OBJC_WEAK = YES;
				CLANG_WARN_BLOCK_CAPTURE_AUTORELEASING = YES;
				CLANG_WARN_BOOL_CONVERSION = YES;
				CLANG_WARN_COMMA = YES;
				CLANG_WARN_CONSTANT_CONVERSION = YES;
				CLANG_WARN_DEPRECATED_OBJC_IMPLEMENTATIONS = YES;
				CLANG_WARN_DIRECT_OBJC_ISA_USAGE = YES_ERROR;
				CLANG_WARN_DOCUMENTATION_COMMENTS = YES;
				CLANG_WARN_EMPTY_BODY = YES;
				CLANG_WARN_ENUM_CONVERSION = YES;
				CLANG_WARN_INFINITE_RECURSION = YES;
				CLANG_WARN_INT_CONVERSION = YES;
				CLANG_WARN_NON_LITERAL_NULL_CONVERSION = YES;
				CLANG_WARN_OBJC_IMPLICIT_RETAIN_SELF = YES;
				CLANG_WARN_OBJC_LITERAL_CONVERSION = YES;
				CLANG_WARN_OBJC_ROOT_CLASS = YES_ERROR;
				CLANG_WARN_QUOTED_INCLUDE_IN_FRAMEWORK_HEADER = YES;
				CLANG_WARN_RANGE_LOOP_ANALYSIS = YES;
				CLANG_WARN_STRICT_PROTOTYPES = YES;
				CLANG_WARN_SUSPICIOUS_MOVE = YES;
				CLANG_WARN_UNGUARDED_AVAILABILITY = YES_AGGRESSIVE;
				CLANG_WARN_UNREACHABLE_CODE = YES;
				CLANG_WARN__DUPLICATE_METHOD_MATCH = YES;
				COPY_PHASE_STRIP = NO;
				DEBUG_INFORMATION_FORMAT = "dwarf-with-dsym";
				ENABLE_NS_ASSERTIONS = NO;
				ENABLE_STRICT_OBJC_MSGSEND = YES;
				ENABLE_USER_SCRIPT_SANDBOXING = YES;
				GCC_C_LANGUAGE_STANDARD = gnu17;
				GCC_NO_COMMON_BLOCKS = YES;
				GCC_WARN_64_TO_32_BIT_CONVERSION = YES;
				GCC_WARN_ABOUT_RETURN_TYPE = YES_ERROR;
				GCC_WARN_UNDECLARED_SELECTOR = YES;
				GCC_WARN_UNINITIALIZED_AUTOS = YES_AGGRESSIVE;
				GCC_WARN_UNUSED_FUNCTION = YES;
				GCC_WARN_UNUSED_VARIABLE = YES;
				IPHONEOS_DEPLOYMENT_TARGET = 17.5;
				LOCALIZATION_PREFERS_STRING_CATALOGS = YES;
				MTL_ENABLE_DEBUG_INFO = NO;
				MTL_FAST_MATH = YES;
				SDKROOT = iphoneos;
				SWIFT_COMPILATION_MODE = wholemodule;
				VALIDATE_PRODUCT = YES;
			};
			name = Release;
		};
		C69A3B882C0F470200833E97 /* Debug */ = {
			isa = XCBuildConfiguration;
			buildSettings = {
				ASSETCATALOG_COMPILER_APPICON_NAME = AppIcon;
				ASSETCATALOG_COMPILER_GLOBAL_ACCENT_COLOR_NAME = AccentColor;
				CODE_SIGN_STYLE = Automatic;
				CURRENT_PROJECT_VERSION = 1;
				DEVELOPMENT_ASSET_PATHS = "\"MVPattern/Preview Content\"";
				ENABLE_PREVIEWS = YES;
				GENERATE_INFOPLIST_FILE = YES;
				INFOPLIST_KEY_UIApplicationSceneManifest_Generation = YES;
				INFOPLIST_KEY_UIApplicationSupportsIndirectInputEvents = YES;
				INFOPLIST_KEY_UILaunchScreen_Generation = YES;
				INFOPLIST_KEY_UISupportedInterfaceOrientations_iPad = "UIInterfaceOrientationPortrait UIInterfaceOrientationPortraitUpsideDown UIInterfaceOrientationLandscapeLeft UIInterfaceOrientationLandscapeRight";
				INFOPLIST_KEY_UISupportedInterfaceOrientations_iPhone = "UIInterfaceOrientationPortrait UIInterfaceOrientationLandscapeLeft UIInterfaceOrientationLandscapeRight";
				LD_RUNPATH_SEARCH_PATHS = (
					"$(inherited)",
					"@executable_path/Frameworks",
				);
				MARKETING_VERSION = 1.0;
				PRODUCT_BUNDLE_IDENTIFIER = thang.MVPattern;
				PRODUCT_NAME = "$(TARGET_NAME)";
				SWIFT_EMIT_LOC_STRINGS = YES;
				SWIFT_VERSION = 5.0;
				TARGETED_DEVICE_FAMILY = "1,2";
			};
			name = Debug;
		};
		C69A3B892C0F470200833E97 /* Release */ = {
			isa = XCBuildConfiguration;
			buildSettings = {
				ASSETCATALOG_COMPILER_APPICON_NAME = AppIcon;
				ASSETCATALOG_COMPILER_GLOBAL_ACCENT_COLOR_NAME = AccentColor;
				CODE_SIGN_STYLE = Automatic;
				CURRENT_PROJECT_VERSION = 1;
				DEVELOPMENT_ASSET_PATHS = "\"MVPattern/Preview Content\"";
				ENABLE_PREVIEWS = YES;
				GENERATE_INFOPLIST_FILE = YES;
				INFOPLIST_KEY_UIApplicationSceneManifest_Generation = YES;
				INFOPLIST_KEY_UIApplicationSupportsIndirectInputEvents = YES;
				INFOPLIST_KEY_UILaunchScreen_Generation = YES;
				INFOPLIST_KEY_UISupportedInterfaceOrientations_iPad = "UIInterfaceOrientationPortrait UIInterfaceOrientationPortraitUpsideDown UIInterfaceOrientationLandscapeLeft UIInterfaceOrientationLandscapeRight";
				INFOPLIST_KEY_UISupportedInterfaceOrientations_iPhone = "UIInterfaceOrientationPortrait UIInterfaceOrientationLandscapeLeft UIInterfaceOrientationLandscapeRight";
				LD_RUNPATH_SEARCH_PATHS = (
					"$(inherited)",
					"@executable_path/Frameworks",
				);
				MARKETING_VERSION = 1.0;
				PRODUCT_BUNDLE_IDENTIFIER = thang.MVPattern;
				PRODUCT_NAME = "$(TARGET_NAME)";
				SWIFT_EMIT_LOC_STRINGS = YES;
				SWIFT_VERSION = 5.0;
				TARGETED_DEVICE_FAMILY = "1,2";
			};
			name = Release;
		};
/* End XCBuildConfiguration section */

/* Begin XCConfigurationList section */
		C69A3B742C0F470000833E97 /* Build configuration list for PBXProject "MVPattern" */ = {
			isa = XCConfigurationList;
			buildConfigurations = (
				C69A3B852C0F470200833E97 /* Debug */,
				C69A3B862C0F470200833E97 /* Release */,
			);
			defaultConfigurationIsVisible = 0;
			defaultConfigurationName = Release;
		};
		C69A3B872C0F470200833E97 /* Build configuration list for PBXNativeTarget "MVPattern" */ = {
			isa = XCConfigurationList;
			buildConfigurations = (
				C69A3B882C0F470200833E97 /* Debug */,
				C69A3B892C0F470200833E97 /* Release */,
			);
			defaultConfigurationIsVisible = 0;
			defaultConfigurationName = Release;
		};
/* End XCConfigurationList section */
	};
	rootObject = C69A3B712C0F470000833E97 /* Project object */;
}
